
Microsoft Visual Studio Solution File, Format Version 12.00
# Visual Studio Version 17
VisualStudioVersion = 17.0.31903.59
MinimumVisualStudioVersion = 10.0.40219.1
Project("{2150E333-8FDC-42A3-9474-1A3956D46DE8}") = "src", "src", "{33C2ED5C-BF0A-4B61-99A4-6441980D87B8}"
EndProject
Project("{9A19103F-16F7-4668-BE54-9A1E7A4F7556}") = "AuctionService", "src\AuctionService\AuctionService.csproj", "{5706B912-487A-41D0-9562-2283AC6E5216}"
EndProject
Project("{E53339B2-1760-4266-BCC7-CA923CBCF16C}") = "docker-compose", "docker-compose.dcproj", "{DE9DF43E-BBEB-47A8-B573-DBE7586B65A5}"
EndProject
Global
	GlobalSection(SolutionConfigurationPlatforms) = preSolution
		Debug|Any CPU = Debug|Any CPU
		Release|Any CPU = Release|Any CPU
	EndGlobalSection
	GlobalSection(ProjectConfigurationPlatforms) = postSolution
		{5706B912-487A-41D0-9562-2283AC6E5216}.Debug|Any CPU.ActiveCfg = Debug|Any CPU
		{5706B912-487A-41D0-9562-2283AC6E5216}.Debug|Any CPU.Build.0 = Debug|Any CPU
		{5706B912-487A-41D0-9562-2283AC6E5216}.Release|Any CPU.ActiveCfg = Release|Any CPU
		{5706B912-487A-41D0-9562-2283AC6E5216}.Release|Any CPU.Build.0 = Release|Any CPU
		{DE9DF43E-BBEB-47A8-B573-DBE7586B65A5}.Debug|Any CPU.ActiveCfg = Debug|Any CPU
		{DE9DF43E-BBEB-47A8-B573-DBE7586B65A5}.Debug|Any CPU.Build.0 = Debug|Any CPU
		{DE9DF43E-BBEB-47A8-B573-DBE7586B65A5}.Release|Any CPU.ActiveCfg = Release|Any CPU
		{DE9DF43E-BBEB-47A8-B573-DBE7586B65A5}.Release|Any CPU.Build.0 = Release|Any CPU
	EndGlobalSection
	GlobalSection(SolutionProperties) = preSolution
		HideSolutionNode = FALSE
	EndGlobalSection
	GlobalSection(NestedProjects) = preSolution
		{5706B912-487A-41D0-9562-2283AC6E5216} = {33C2ED5C-BF0A-4B61-99A4-6441980D87B8}
	EndGlobalSection
EndGlobal
